// !$*UTF8*$!
{
	archiveVersion = 1;
	classes = {
	};
	objectVersion = 77;
	objects = {

/* Begin PBXBuildFile section */
		953416052E6EBAF400A97957 /* TestUtilities.swift in Sources */ = {isa = PBXBuildFile; fileRef = 953416042E6EBAF400A97957 /* TestUtilities.swift */; };
		95A782492E6F0BB8001E9748 /* HardwareSigningTests.swift in Sources */ = {isa = PBXBuildFile; fileRef = 95A782472E6F0BB8001E9748 /* HardwareSigningTests.swift */; };
		95BBD7C02E6EE13D00F0BC7C /* adobe-20220124-CI.jpg in Resources */ = {isa = PBXBuildFile; fileRef = 95BBD7BA2E6EDDF700F0BC7C /* adobe-20220124-CI.jpg */; };
		95BBD7C12E6EE13D00F0BC7C /* es256_certs.pem in Resources */ = {isa = PBXBuildFile; fileRef = 95BBD7BB2E6EDDF700F0BC7C /* es256_certs.pem */; };
		95BBD7C22E6EE13D00F0BC7C /* es256_private.key in Resources */ = {isa = PBXBuildFile; fileRef = 95BBD7BC2E6EDDF700F0BC7C /* es256_private.key */; };
		95BBD7C32E6EE13D00F0BC7C /* pexels-asadphoto-457882.jpg in Resources */ = {isa = PBXBuildFile; fileRef = 95BBD7BD2E6EDDF700F0BC7C /* pexels-asadphoto-457882.jpg */; };
		95C99A3C2E68D83F00C54D0E /* C2PA.framework in Frameworks */ = {isa = PBXBuildFile; fileRef = 95C99A3B2E68D83F00C54D0E /* C2PA.framework */; };
		95C99A552E695DF100C54D0E /* StreamTests.swift in Sources */ = {isa = PBXBuildFile; fileRef = 95C99A542E695DF100C54D0E /* StreamTests.swift */; };
		95C99A562E695DF100C54D0E /* ComprehensiveTests.swift in Sources */ = {isa = PBXBuildFile; fileRef = 95C99A502E695DF100C54D0E /* ComprehensiveTests.swift */; };
		95C99A572E695DF100C54D0E /* BuilderTests.swift in Sources */ = {isa = PBXBuildFile; fileRef = 95C99A4F2E695DF100C54D0E /* BuilderTests.swift */; };
		95C99A592E695DF100C54D0E /* ReaderTests.swift in Sources */ = {isa = PBXBuildFile; fileRef = 95C99A522E695DF100C54D0E /* ReaderTests.swift */; };
		95C99A5A2E695DF100C54D0E /* SigningTests.swift in Sources */ = {isa = PBXBuildFile; fileRef = 95C99A532E695DF100C54D0E /* SigningTests.swift */; };
		95C99A692E696CBF00C54D0E /* TestResult.swift in Sources */ = {isa = PBXBuildFile; fileRef = 95C99A622E696CBF00C54D0E /* TestResult.swift */; };
		95CAWG012E6EE13D00F0BC7C /* test_settings_with_cawg_signing.toml in Resources */ = {isa = PBXBuildFile; fileRef = 95CAWG022E6EDDF700F0BC7C /* test_settings_with_cawg_signing.toml */; };
		95CAWG032E6EE13D00F0BC7C /* test_settings_with_cawg_signing.json in Resources */ = {isa = PBXBuildFile; fileRef = 95CAWG042E6EDDF700F0BC7C /* test_settings_with_cawg_signing.json */; };
		95COV0012E9700000000001 /* CertificateManagerTests.swift in Sources */ = {isa = PBXBuildFile; fileRef = 95COV0022E9700000000001 /* CertificateManagerTests.swift */; };
		95COV0032E9700000000002 /* KeychainSignerTests.swift in Sources */ = {isa = PBXBuildFile; fileRef = 95COV0042E9700000000002 /* KeychainSignerTests.swift */; };
		95COV0052E9700000000003 /* SecureEnclaveSignerTests.swift in Sources */ = {isa = PBXBuildFile; fileRef = 95COV0062E9700000000003 /* SecureEnclaveSignerTests.swift */; };
		95COV0072E9700000000004 /* ConvenienceTests.swift in Sources */ = {isa = PBXBuildFile; fileRef = 95COV0082E9700000000004 /* ConvenienceTests.swift */; };
		95COV0092E9700000000005 /* SignerExtendedTests.swift in Sources */ = {isa = PBXBuildFile; fileRef = 95COV00A2E9700000000005 /* SignerExtendedTests.swift */; };
		95COV00B2E9700000000006 /* WebServiceSignerTests.swift in Sources */ = {isa = PBXBuildFile; fileRef = 95COV00C2E9700000000006 /* WebServiceSignerTests.swift */; };
		95COV00D2E9700000000007 /* AssertionDefinitionTests.swift in Sources */ = {isa = PBXBuildFile; fileRef = 95COV00E2E9700000000007 /* AssertionDefinitionTests.swift */; };
		95COV0102E9700000000008 /* SettingsDefinitionTests.swift in Sources */ = {isa = PBXBuildFile; fileRef = 95COV0112E9700000000008 /* SettingsDefinitionTests.swift */; };
		95F2712B2E72CD5800A6A88D /* Base.xcconfig in Resources */ = {isa = PBXBuildFile; fileRef = 95F271292E72CD5800A6A88D /* Base.xcconfig */; };
		A0B3CF4F2E96AC2C00F2F938 /* ManifestTests.swift in Sources */ = {isa = PBXBuildFile; fileRef = A0B3CF4E2E96AC2C00F2F938 /* ManifestTests.swift */; };
		A0CTX0032E9700000000002 /* ContextTests.swift in Sources */ = {isa = PBXBuildFile; fileRef = A0CTX0042E9700000000002 /* ContextTests.swift */; };
/* End PBXBuildFile section */

/* Begin PBXCopyFilesBuildPhase section */
		95C99A3E2E68D83F00C54D0E /* Embed Frameworks */ = {
			isa = PBXCopyFilesBuildPhase;
			buildActionMask = 2147483647;
			dstPath = "";
			dstSubfolderSpec = 10;
			files = (
			);
			name = "Embed Frameworks";
			runOnlyForDeploymentPostprocessing = 0;
		};
/* End PBXCopyFilesBuildPhase section */

/* Begin PBXFileReference section */
		7A1234501234567890ABCDEF /* TestShared.framework */ = {isa = PBXFileReference; explicitFileType = wrapper.framework; includeInIndex = 0; path = TestShared.framework; sourceTree = BUILT_PRODUCTS_DIR; };
		953416042E6EBAF400A97957 /* TestUtilities.swift */ = {isa = PBXFileReference; lastKnownFileType = sourcecode.swift; path = TestUtilities.swift; sourceTree = "<group>"; };
		95A782472E6F0BB8001E9748 /* HardwareSigningTests.swift */ = {isa = PBXFileReference; lastKnownFileType = sourcecode.swift; path = HardwareSigningTests.swift; sourceTree = "<group>"; };
		95BBD7BA2E6EDDF700F0BC7C /* adobe-20220124-CI.jpg */ = {isa = PBXFileReference; lastKnownFileType = image.jpeg; path = "adobe-20220124-CI.jpg"; sourceTree = "<group>"; };
		95BBD7BB2E6EDDF700F0BC7C /* es256_certs.pem */ = {isa = PBXFileReference; lastKnownFileType = text; path = es256_certs.pem; sourceTree = "<group>"; };
		95BBD7BC2E6EDDF700F0BC7C /* es256_private.key */ = {isa = PBXFileReference; lastKnownFileType = text; path = es256_private.key; sourceTree = "<group>"; };
		95BBD7BD2E6EDDF700F0BC7C /* pexels-asadphoto-457882.jpg */ = {isa = PBXFileReference; lastKnownFileType = image.jpeg; path = "pexels-asadphoto-457882.jpg"; sourceTree = "<group>"; };
		95C99A3B2E68D83F00C54D0E /* C2PA.framework */ = {isa = PBXFileReference; explicitFileType = wrapper.framework; path = C2PA.framework; sourceTree = BUILT_PRODUCTS_DIR; };
		95C99A4F2E695DF100C54D0E /* BuilderTests.swift */ = {isa = PBXFileReference; lastKnownFileType = sourcecode.swift; path = BuilderTests.swift; sourceTree = "<group>"; };
		95C99A502E695DF100C54D0E /* ComprehensiveTests.swift */ = {isa = PBXFileReference; lastKnownFileType = sourcecode.swift; path = ComprehensiveTests.swift; sourceTree = "<group>"; };
		95C99A522E695DF100C54D0E /* ReaderTests.swift */ = {isa = PBXFileReference; lastKnownFileType = sourcecode.swift; path = ReaderTests.swift; sourceTree = "<group>"; };
		95C99A532E695DF100C54D0E /* SigningTests.swift */ = {isa = PBXFileReference; lastKnownFileType = sourcecode.swift; path = SigningTests.swift; sourceTree = "<group>"; };
		95C99A542E695DF100C54D0E /* StreamTests.swift */ = {isa = PBXFileReference; lastKnownFileType = sourcecode.swift; path = StreamTests.swift; sourceTree = "<group>"; };
		95C99A622E696CBF00C54D0E /* TestResult.swift */ = {isa = PBXFileReference; lastKnownFileType = sourcecode.swift; path = TestResult.swift; sourceTree = "<group>"; };
		95CAWG022E6EDDF700F0BC7C /* test_settings_with_cawg_signing.toml */ = {isa = PBXFileReference; lastKnownFileType = text; path = test_settings_with_cawg_signing.toml; sourceTree = "<group>"; };
		95CAWG042E6EDDF700F0BC7C /* test_settings_with_cawg_signing.json */ = {isa = PBXFileReference; lastKnownFileType = text.json; path = test_settings_with_cawg_signing.json; sourceTree = "<group>"; };
		95COV0022E9700000000001 /* CertificateManagerTests.swift */ = {isa = PBXFileReference; lastKnownFileType = sourcecode.swift; path = CertificateManagerTests.swift; sourceTree = "<group>"; };
		95COV0042E9700000000002 /* KeychainSignerTests.swift */ = {isa = PBXFileReference; lastKnownFileType = sourcecode.swift; path = KeychainSignerTests.swift; sourceTree = "<group>"; };
		95COV0062E9700000000003 /* SecureEnclaveSignerTests.swift */ = {isa = PBXFileReference; lastKnownFileType = sourcecode.swift; path = SecureEnclaveSignerTests.swift; sourceTree = "<group>"; };
		95COV0082E9700000000004 /* ConvenienceTests.swift */ = {isa = PBXFileReference; lastKnownFileType = sourcecode.swift; path = ConvenienceTests.swift; sourceTree = "<group>"; };
		95COV00A2E9700000000005 /* SignerExtendedTests.swift */ = {isa = PBXFileReference; lastKnownFileType = sourcecode.swift; path = SignerExtendedTests.swift; sourceTree = "<group>"; };
		95COV00C2E9700000000006 /* WebServiceSignerTests.swift */ = {isa = PBXFileReference; lastKnownFileType = sourcecode.swift; path = WebServiceSignerTests.swift; sourceTree = "<group>"; };
		95COV00E2E9700000000007 /* AssertionDefinitionTests.swift */ = {isa = PBXFileReference; lastKnownFileType = sourcecode.swift; path = AssertionDefinitionTests.swift; sourceTree = "<group>"; };
		95COV0112E9700000000008 /* SettingsDefinitionTests.swift */ = {isa = PBXFileReference; lastKnownFileType = sourcecode.swift; path = SettingsDefinitionTests.swift; sourceTree = "<group>"; };
		95F271292E72CD5800A6A88D /* Base.xcconfig */ = {isa = PBXFileReference; lastKnownFileType = text.xcconfig; path = Base.xcconfig; sourceTree = "<group>"; };
		A0B3CF4E2E96AC2C00F2F938 /* ManifestTests.swift */ = {isa = PBXFileReference; lastKnownFileType = sourcecode.swift; path = ManifestTests.swift; sourceTree = "<group>"; };
		A0CTX0042E9700000000002 /* ContextTests.swift */ = {isa = PBXFileReference; lastKnownFileType = sourcecode.swift; path = ContextTests.swift; sourceTree = "<group>"; };
/* End PBXFileReference section */

/* Begin PBXFrameworksBuildPhase section */
		7A12344F1234567890ABCDEF /* Frameworks */ = {
			isa = PBXFrameworksBuildPhase;
			buildActionMask = 2147483647;
			files = (
				95C99A3C2E68D83F00C54D0E /* C2PA.framework in Frameworks */,
			);
			runOnlyForDeploymentPostprocessing = 0;
		};
/* End PBXFrameworksBuildPhase section */

/* Begin PBXGroup section */
		7A1234491234567890ABCDEF = {
			isa = PBXGroup;
			children = (
				95F2712A2E72CD5800A6A88D /* Configurations */,
				7A1234541234567890ABCDEF /* Sources */,
				95BBD7BE2E6EDDF700F0BC7C /* Resources */,
				95C99A382E68D6B300C54D0E /* Frameworks */,
				7A1234511234567890ABCDEF /* Products */,
			);
			sourceTree = "<group>";
		};
		7A1234511234567890ABCDEF /* Products */ = {
			isa = PBXGroup;
			children = (
				7A1234501234567890ABCDEF /* TestShared.framework */,
			);
			name = Products;
			sourceTree = "<group>";
		};
		7A1234541234567890ABCDEF /* Sources */ = {
			isa = PBXGroup;
			children = (
				95COV00E2E9700000000007 /* AssertionDefinitionTests.swift */,
				95C99A4F2E695DF100C54D0E /* BuilderTests.swift */,
				A0CTX0042E9700000000002 /* ContextTests.swift */,
				95COV0082E9700000000004 /* ConvenienceTests.swift */,
				95COV0022E9700000000001 /* CertificateManagerTests.swift */,
				95C99A502E695DF100C54D0E /* ComprehensiveTests.swift */,
				95A782472E6F0BB8001E9748 /* HardwareSigningTests.swift */,
				95COV0042E9700000000002 /* KeychainSignerTests.swift */,
				A0B3CF4E2E96AC2C00F2F938 /* ManifestTests.swift */,
				95C99A522E695DF100C54D0E /* ReaderTests.swift */,
				95COV0062E9700000000003 /* SecureEnclaveSignerTests.swift */,
				95COV0112E9700000000008 /* SettingsDefinitionTests.swift */,
				95COV00A2E9700000000005 /* SignerExtendedTests.swift */,
				95C99A532E695DF100C54D0E /* SigningTests.swift */,
				95C99A542E695DF100C54D0E /* StreamTests.swift */,
				95C99A622E696CBF00C54D0E /* TestResult.swift */,
				953416042E6EBAF400A97957 /* TestUtilities.swift */,
				95COV00C2E9700000000006 /* WebServiceSignerTests.swift */,
			);
			path = Sources;
			sourceTree = "<group>";
		};
		95BBD7BE2E6EDDF700F0BC7C /* Resources */ = {
			isa = PBXGroup;
			children = (
				95BBD7BA2E6EDDF700F0BC7C /* adobe-20220124-CI.jpg */,
				95BBD7BB2E6EDDF700F0BC7C /* es256_certs.pem */,
				95BBD7BC2E6EDDF700F0BC7C /* es256_private.key */,
				95BBD7BD2E6EDDF700F0BC7C /* pexels-asadphoto-457882.jpg */,
				95CAWG022E6EDDF700F0BC7C /* test_settings_with_cawg_signing.toml */,
				95CAWG042E6EDDF700F0BC7C /* test_settings_with_cawg_signing.json */,
			);
			path = Resources;
			sourceTree = "<group>";
		};
		95C99A382E68D6B300C54D0E /* Frameworks */ = {
			isa = PBXGroup;
			children = (
				95C99A3B2E68D83F00C54D0E /* C2PA.framework */,
			);
			name = Frameworks;
			sourceTree = "<group>";
		};
		95F2712A2E72CD5800A6A88D /* Configurations */ = {
			isa = PBXGroup;
			children = (
				95F271292E72CD5800A6A88D /* Base.xcconfig */,
			);
			name = Configurations;
			path = ../Configurations;
			sourceTree = SOURCE_ROOT;
		};
/* End PBXGroup section */

/* Begin PBXHeadersBuildPhase section */
		7A12344D1234567890ABCDEF /* Headers */ = {
			isa = PBXHeadersBuildPhase;
			buildActionMask = 2147483647;
			files = (
			);
			runOnlyForDeploymentPostprocessing = 0;
		};
/* End PBXHeadersBuildPhase section */

/* Begin PBXNativeTarget section */
		7A12344E1234567890ABCDEF /* TestShared */ = {
			isa = PBXNativeTarget;
			buildConfigurationList = 7A1234591234567890ABCDEF /* Build configuration list for PBXNativeTarget "TestShared" */;
			buildPhases = (
				7A12344B1234567890ABCDEF /* Sources */,
				7A12344F1234567890ABCDEF /* Frameworks */,
				7A12344D1234567890ABCDEF /* Headers */,
				95C99A3E2E68D83F00C54D0E /* Embed Frameworks */,
				95BBD7BF2E6EE13200F0BC7C /* Resources */,
			);
			buildRules = (
			);
			dependencies = (
			);
			name = TestShared;
			productName = TestShared;
			productReference = 7A1234501234567890ABCDEF /* TestShared.framework */;
			productType = "com.apple.product-type.framework";
		};
/* End PBXNativeTarget section */

/* Begin PBXProject section */
		7A1234461234567890ABCDEF /* Project object */ = {
			isa = PBXProject;
			attributes = {
				BuildIndependentTargetsInParallel = 1;
				LastUpgradeCheck = 1640;
				TargetAttributes = {
					7A12344E1234567890ABCDEF = {
						CreatedOnToolsVersion = 15.4;
						LastSwiftMigration = 1540;
					};
				};
			};
			buildConfigurationList = 6E5566EF9E55482FB545E4B2 /* Build configuration list for PBXProject "TestShared" */;
			developmentRegion = en;
			hasScannedForEncodings = 0;
			knownRegions = (
				en,
				Base,
			);
			mainGroup = 7A1234491234567890ABCDEF;
			preferredProjectObjectVersion = 77;
			productRefGroup = 7A1234511234567890ABCDEF /* Products */;
			projectDirPath = "";
			projectRoot = "";
			targets = (
				7A12344E1234567890ABCDEF /* TestShared */,
			);
		};
/* End PBXProject section */

/* Begin PBXResourcesBuildPhase section */
		95BBD7BF2E6EE13200F0BC7C /* Resources */ = {
			isa = PBXResourcesBuildPhase;
			buildActionMask = 2147483647;
			files = (
				95BBD7C02E6EE13D00F0BC7C /* adobe-20220124-CI.jpg in Resources */,
				95BBD7C12E6EE13D00F0BC7C /* es256_certs.pem in Resources */,
				95BBD7C22E6EE13D00F0BC7C /* es256_private.key in Resources */,
				95BBD7C32E6EE13D00F0BC7C /* pexels-asadphoto-457882.jpg in Resources */,
				95CAWG012E6EE13D00F0BC7C /* test_settings_with_cawg_signing.toml in Resources */,
				95CAWG032E6EE13D00F0BC7C /* test_settings_with_cawg_signing.json in Resources */,
				95F2712B2E72CD5800A6A88D /* Base.xcconfig in Resources */,
			);
			runOnlyForDeploymentPostprocessing = 0;
		};
/* End PBXResourcesBuildPhase section */

/* Begin PBXSourcesBuildPhase section */
		7A12344B1234567890ABCDEF /* Sources */ = {
			isa = PBXSourcesBuildPhase;
			buildActionMask = 2147483647;
			files = (
				95COV00D2E9700000000007 /* AssertionDefinitionTests.swift in Sources */,
				95C99A572E695DF100C54D0E /* BuilderTests.swift in Sources */,
				A0CTX0032E9700000000002 /* ContextTests.swift in Sources */,
				95COV0072E9700000000004 /* ConvenienceTests.swift in Sources */,
				95COV0012E9700000000001 /* CertificateManagerTests.swift in Sources */,
				95C99A562E695DF100C54D0E /* ComprehensiveTests.swift in Sources */,
				95A782492E6F0BB8001E9748 /* HardwareSigningTests.swift in Sources */,
				95COV0032E9700000000002 /* KeychainSignerTests.swift in Sources */,
				A0B3CF4F2E96AC2C00F2F938 /* ManifestTests.swift in Sources */,
				95C99A592E695DF100C54D0E /* ReaderTests.swift in Sources */,
				95COV0052E9700000000003 /* SecureEnclaveSignerTests.swift in Sources */,
				95COV0102E9700000000008 /* SettingsDefinitionTests.swift in Sources */,
				95COV0092E9700000000005 /* SignerExtendedTests.swift in Sources */,
				95C99A5A2E695DF100C54D0E /* SigningTests.swift in Sources */,
				95C99A552E695DF100C54D0E /* StreamTests.swift in Sources */,
				95C99A692E696CBF00C54D0E /* TestResult.swift in Sources */,
				953416052E6EBAF400A97957 /* TestUtilities.swift in Sources */,
				95COV00B2E9700000000006 /* WebServiceSignerTests.swift in Sources */,
			);
			runOnlyForDeploymentPostprocessing = 0;
		};
/* End PBXSourcesBuildPhase section */

/* Begin XCBuildConfiguration section */
		7A12345A1234567890ABCDEF /* Debug */ = {
			isa = XCBuildConfiguration;
			baseConfigurationReference = 95F271292E72CD5800A6A88D /* Base.xcconfig */;
			buildSettings = {
				ALWAYS_SEARCH_USER_PATHS = NO;
				ASSETCATALOG_COMPILER_GENERATE_SWIFT_ASSET_SYMBOL_EXTENSIONS = YES;
				CLANG_ANALYZER_NONNULL = YES;
				CLANG_ANALYZER_NUMBER_OBJECT_CONVERSION = YES_AGGRESSIVE;
				CLANG_CXX_LANGUAGE_STANDARD = "gnu++20";
				CLANG_ENABLE_MODULES = YES;
				CLANG_ENABLE_OBJC_ARC = YES;
				CLANG_ENABLE_OBJC_WEAK = YES;
				CLANG_WARN_BLOCK_CAPTURE_AUTORELEASING = YES;
				CLANG_WARN_BOOL_CONVERSION = YES;
				CLANG_WARN_COMMA = YES;
				CLANG_WARN_CONSTANT_CONVERSION = YES;
				CLANG_WARN_DEPRECATED_OBJC_IMPLEMENTATIONS = YES;
				CLANG_WARN_DIRECT_OBJC_ISA_USAGE = YES_ERROR;
				CLANG_WARN_DOCUMENTATION_COMMENTS = YES;
				CLANG_WARN_EMPTY_BODY = YES;
				CLANG_WARN_ENUM_CONVERSION = YES;
				CLANG_WARN_INFINITE_RECURSION = YES;
				CLANG_WARN_INT_CONVERSION = YES;
				CLANG_WARN_NON_LITERAL_NULL_CONVERSION = YES;
				CLANG_WARN_OBJC_IMPLICIT_RETAIN_SELF = YES;
				CLANG_WARN_OBJC_LITERAL_CONVERSION = YES;
				CLANG_WARN_OBJC_ROOT_CLASS = YES_ERROR;
				CLANG_WARN_QUOTED_INCLUDE_IN_FRAMEWORK_HEADER = YES;
				CLANG_WARN_RANGE_LOOP_ANALYSIS = YES;
				CLANG_WARN_STRICT_PROTOTYPES = YES;
				CLANG_WARN_SUSPICIOUS_MOVE = YES;
				CLANG_WARN_UNGUARDED_AVAILABILITY = YES_AGGRESSIVE;
				CLANG_WARN_UNREACHABLE_CODE = YES;
				CLANG_WARN__DUPLICATE_METHOD_MATCH = YES;
				COPY_PHASE_STRIP = NO;
				CURRENT_PROJECT_VERSION = 1;
				DEBUG_INFORMATION_FORMAT = dwarf;
				ENABLE_STRICT_OBJC_MSGSEND = YES;
				ENABLE_TESTABILITY = YES;
				ENABLE_USER_SCRIPT_SANDBOXING = YES;
				GCC_C_LANGUAGE_STANDARD = gnu17;
				GCC_DYNAMIC_NO_PIC = NO;
				GCC_NO_COMMON_BLOCKS = YES;
				GCC_OPTIMIZATION_LEVEL = 0;
				GCC_PREPROCESSOR_DEFINITIONS = (
					"DEBUG=1",
					"$(inherited)",
				);
				GCC_WARN_64_TO_32_BIT_CONVERSION = YES;
				GCC_WARN_ABOUT_RETURN_TYPE = YES_ERROR;
				GCC_WARN_UNDECLARED_SELECTOR = YES;
				GCC_WARN_UNINITIALIZED_AUTOS = YES_AGGRESSIVE;
				GCC_WARN_UNUSED_FUNCTION = YES;
				GCC_WARN_UNUSED_VARIABLE = YES;
				IPHONEOS_DEPLOYMENT_TARGET = 15.0;
				LOCALIZATION_PREFERS_STRING_CATALOGS = YES;
				MACOSX_DEPLOYMENT_TARGET = 14.0;
				MTL_ENABLE_DEBUG_INFO = INCLUDE_SOURCE;
				MTL_FAST_MATH = YES;
				ONLY_ACTIVE_ARCH = YES;
				SDKROOT = auto;
				SUPPORTED_PLATFORMS = "iphoneos iphonesimulator macosx";
				SWIFT_ACTIVE_COMPILATION_CONDITIONS = "DEBUG $(inherited)";
				SWIFT_OPTIMIZATION_LEVEL = "-Onone";
				VERSIONING_SYSTEM = "apple-generic";
				VERSION_INFO_PREFIX = "";
			};
			name = Debug;
		};
		7A12345B1234567890ABCDEF /* Release */ = {
			isa = XCBuildConfiguration;
			buildSettings = {
				ALWAYS_SEARCH_USER_PATHS = NO;
				ASSETCATALOG_COMPILER_GENERATE_SWIFT_ASSET_SYMBOL_EXTENSIONS = YES;
				CLANG_ANALYZER_NONNULL = YES;
				CLANG_ANALYZER_NUMBER_OBJECT_CONVERSION = YES_AGGRESSIVE;
				CLANG_CXX_LANGUAGE_STANDARD = "gnu++20";
				CLANG_ENABLE_MODULES = YES;
				CLANG_ENABLE_OBJC_ARC = YES;
				CLANG_ENABLE_OBJC_WEAK = YES;
				CLANG_WARN_BLOCK_CAPTURE_AUTORELEASING = YES;
				CLANG_WARN_BOOL_CONVERSION = YES;
				CLANG_WARN_COMMA = YES;
				CLANG_WARN_CONSTANT_CONVERSION = YES;
				CLANG_WARN_DEPRECATED_OBJC_IMPLEMENTATIONS = YES;
				CLANG_WARN_DIRECT_OBJC_ISA_USAGE = YES_ERROR;
				CLANG_WARN_DOCUMENTATION_COMMENTS = YES;
				CLANG_WARN_EMPTY_BODY = YES;
				CLANG_WARN_ENUM_CONVERSION = YES;
				CLANG_WARN_INFINITE_RECURSION = YES;
				CLANG_WARN_INT_CONVERSION = YES;
				CLANG_WARN_NON_LITERAL_NULL_CONVERSION = YES;
				CLANG_WARN_OBJC_IMPLICIT_RETAIN_SELF = YES;
				CLANG_WARN_OBJC_LITERAL_CONVERSION = YES;
				CLANG_WARN_OBJC_ROOT_CLASS = YES_ERROR;
				CLANG_WARN_QUOTED_INCLUDE_IN_FRAMEWORK_HEADER = YES;
				CLANG_WARN_RANGE_LOOP_ANALYSIS = YES;
				CLANG_WARN_STRICT_PROTOTYPES = YES;
				CLANG_WARN_SUSPICIOUS_MOVE = YES;
				CLANG_WARN_UNGUARDED_AVAILABILITY = YES_AGGRESSIVE;
				CLANG_WARN_UNREACHABLE_CODE = YES;
				CLANG_WARN__DUPLICATE_METHOD_MATCH = YES;
				COPY_PHASE_STRIP = NO;
				CURRENT_PROJECT_VERSION = 1;
				DEBUG_INFORMATION_FORMAT = "dwarf-with-dsym";
				ENABLE_NS_ASSERTIONS = NO;
				ENABLE_STRICT_OBJC_MSGSEND = YES;
				ENABLE_USER_SCRIPT_SANDBOXING = YES;
				GCC_C_LANGUAGE_STANDARD = gnu17;
				GCC_NO_COMMON_BLOCKS = YES;
				GCC_WARN_64_TO_32_BIT_CONVERSION = YES;
				GCC_WARN_ABOUT_RETURN_TYPE = YES_ERROR;
				GCC_WARN_UNDECLARED_SELECTOR = YES;
				GCC_WARN_UNINITIALIZED_AUTOS = YES_AGGRESSIVE;
				GCC_WARN_UNUSED_FUNCTION = YES;
				GCC_WARN_UNUSED_VARIABLE = YES;
				IPHONEOS_DEPLOYMENT_TARGET = 15.0;
				LOCALIZATION_PREFERS_STRING_CATALOGS = YES;
				MACOSX_DEPLOYMENT_TARGET = 14.0;
				MTL_ENABLE_DEBUG_INFO = NO;
				MTL_FAST_MATH = YES;
				SDKROOT = auto;
				SUPPORTED_PLATFORMS = "iphoneos iphonesimulator macosx";
				SWIFT_COMPILATION_MODE = wholemodule;
				VALIDATE_PRODUCT = YES;
				VERSIONING_SYSTEM = "apple-generic";
				VERSION_INFO_PREFIX = "";
			};
			name = Release;
		};
		7A12345C1234567890ABCDEF /* Debug */ = {
			isa = XCBuildConfiguration;
			baseConfigurationReference = 95F271292E72CD5800A6A88D /* Base.xcconfig */;
			buildSettings = {
				BUILD_LIBRARY_FOR_DISTRIBUTION = YES;
				CODE_SIGN_IDENTITY = "Apple Development";
				CODE_SIGN_STYLE = Automatic;
				DEFINES_MODULE = YES;
				DEVELOPMENT_TEAM = T3YGS3VRGN;
				DYLIB_COMPATIBILITY_VERSION = 1;
				DYLIB_CURRENT_VERSION = 1;
				DYLIB_INSTALL_NAME_BASE = "@rpath";
				ENABLE_MODULE_VERIFIER = YES;
				GENERATE_INFOPLIST_FILE = YES;
				INFOPLIST_KEY_NSHumanReadableCopyright = "";
				INSTALL_PATH = "$(LOCAL_LIBRARY_DIR)/Frameworks";
				LD_RUNPATH_SEARCH_PATHS = (
					"$(inherited)",
					"@executable_path/Frameworks",
					"@loader_path/Frameworks",
				);
				MARKETING_VERSION = 1.0;
				MODULE_VERIFIER_SUPPORTED_LANGUAGE_STANDARDS = "gnu17 gnu++20";
				PRODUCT_BUNDLE_IDENTIFIER = org.contentauth.TestShared;
				PRODUCT_NAME = "$(TARGET_NAME:c99extidentifier)";
				SKIP_INSTALL = YES;
				SWIFT_EMIT_LOC_STRINGS = YES;
				SWIFT_VERSION = 5.0;
				TARGETED_DEVICE_FAMILY = "1,2";
			};
			name = Debug;
		};
		7A12345D1234567890ABCDEF /* Release */ = {
			isa = XCBuildConfiguration;
			buildSettings = {
				BUILD_LIBRARY_FOR_DISTRIBUTION = YES;
				CODE_SIGN_IDENTITY = "Apple Development";
				CODE_SIGN_STYLE = Automatic;
				DEFINES_MODULE = YES;
				DEVELOPMENT_TEAM = T3YGS3VRGN;
				DYLIB_COMPATIBILITY_VERSION = 1;
				DYLIB_CURRENT_VERSION = 1;
				DYLIB_INSTALL_NAME_BASE = "@rpath";
				ENABLE_MODULE_VERIFIER = YES;
				GENERATE_INFOPLIST_FILE = YES;
				INFOPLIST_KEY_NSHumanReadableCopyright = "";
				INSTALL_PATH = "$(LOCAL_LIBRARY_DIR)/Frameworks";
				LD_RUNPATH_SEARCH_PATHS = (
					"$(inherited)",
					"@executable_path/Frameworks",
					"@loader_path/Frameworks",
				);
				MARKETING_VERSION = 1.0;
				MODULE_VERIFIER_SUPPORTED_LANGUAGE_STANDARDS = "gnu17 gnu++20";
				PRODUCT_BUNDLE_IDENTIFIER = org.contentauth.TestShared;
				PRODUCT_NAME = "$(TARGET_NAME:c99extidentifier)";
				SKIP_INSTALL = YES;
				SWIFT_EMIT_LOC_STRINGS = YES;
				SWIFT_VERSION = 5.0;
				TARGETED_DEVICE_FAMILY = "1,2";
			};
			name = Release;
		};
/* End XCBuildConfiguration section */

/* Begin XCConfigurationList section */
		6E5566EF9E55482FB545E4B2 /* Build configuration list for PBXProject "TestShared" */ = {
			isa = XCConfigurationList;
			buildConfigurations = (
				7A12345A1234567890ABCDEF /* Debug */,
				7A12345B1234567890ABCDEF /* Release */,
			);
			defaultConfigurationIsVisible = 0;
			defaultConfigurationName = Release;
		};
		7A1234591234567890ABCDEF /* Build configuration list for PBXNativeTarget "TestShared" */ = {
			isa = XCConfigurationList;
			buildConfigurations = (
				7A12345C1234567890ABCDEF /* Debug */,
				7A12345D1234567890ABCDEF /* Release */,
			);
			defaultConfigurationIsVisible = 0;
			defaultConfigurationName = Release;
		};
/* End XCConfigurationList section */
	};
	rootObject = 7A1234461234567890ABCDEF /* Project object */;
}
